
Microsoft Visual Studio Solution File, Format Version 12.00
# Visual Studio Version 17
VisualStudioVersion = 17.10.35004.147
MinimumVisualStudioVersion = 10.0.40219.1
Project("{FAE04EC0-301F-11D3-BF4B-00C04F79EFBC}") = "BXTecnologia.API", "BXTecnologia.API.csproj", "{31E9E950-495F-4F85-9919-F4D050C4BB4E}"
EndProject

Global
	GlobalSection(SolutionConfigurationPlatforms) = preSolution
		Debug|Any CPU = Debug|Any CPU
		Release|Any CPU = Release|Any CPU
	EndGlobalSection
	GlobalSection(ProjectConfigurationPlatforms) = postSolution
		{31E9E950-495F-4F85-9919-F4D050C4BB4E}.Debug|Any CPU.ActiveCfg = Debug|Any CPU
		{31E9E950-495F-4F85-9919-F4D050C4BB4E}.Debug|Any CPU.Build.0 = Debug|Any CPU
		{31E9E950-495F-4F85-9919-F4D050C4BB4E}.Release|Any CPU.ActiveCfg = Release|Any CPU
		{31E9E950-495F-4F85-9919-F4D050C4BB4E}.Release|Any CPU.Build.0 = Release|Any CPU

	EndGlobalSection
	GlobalSection(SolutionProperties) = preSolution
		HideSolutionNode = FALSE
	EndGlobalSection
	GlobalSection(ExtensibilityGlobals) = postSolution
		SolutionGuid = {22E9F25F-8574-4553-9690-9639AC876F35}
	EndGlobalSection
EndGlobal
